Microsoft Visual Studio Solution File, Format Version 12.00
# Visual Studio 2012
Project("{FAE04EC0-301F-11D3-BF4B-00C04F79EFBC}") = "Just In Time Duck!", "Just In Time Duck!.csproj", "{7AFB7A10-99DA-4050-8C85-8A2F69CC3423}"
EndProject
Global
	GlobalSection(SolutionConfigurationPlatforms) = preSolution
	Debug|Any CPU = Debug|Any CPU
	ExportDebug|Any CPU = ExportDebug|Any CPU
	ExportRelease|Any CPU = ExportRelease|Any CPU
	EndGlobalSection
	GlobalSection(ProjectConfigurationPlatforms) = postSolution
		{7AFB7A10-99DA-4050-8C85-8A2F69CC3423}.Debug|Any CPU.ActiveCfg = Debug|Any CPU
		{7AFB7A10-99DA-4050-8C85-8A2F69CC3423}.Debug|Any CPU.Build.0 = Debug|Any CPU
		{7AFB7A10-99DA-4050-8C85-8A2F69CC3423}.ExportDebug|Any CPU.ActiveCfg = ExportDebug|Any CPU
		{7AFB7A10-99DA-4050-8C85-8A2F69CC3423}.ExportDebug|Any CPU.Build.0 = ExportDebug|Any CPU
		{7AFB7A10-99DA-4050-8C85-8A2F69CC3423}.ExportRelease|Any CPU.ActiveCfg = ExportRelease|Any CPU
		{7AFB7A10-99DA-4050-8C85-8A2F69CC3423}.ExportRelease|Any CPU.Build.0 = ExportRelease|Any CPU
	EndGlobalSection
EndGlobal
